
Microsoft Visual Studio Solution File, Format Version 12.00
# Visual Studio 15
VisualStudioVersion = 15.0.26124.0
MinimumVisualStudioVersion = 15.0.26124.0
Project("{FAE04EC0-301F-11D3-BF4B-00C04F79EFBC}") = "Day1.App", "Day1.App\Day1.App.csproj", "{44733A8C-D761-48C2-9F35-1EB6C55E4035}"
EndProject
Project("{FAE04EC0-301F-11D3-BF4B-00C04F79EFBC}") = "Day1.Tests", "Day1.Tests\Day1.Tests.csproj", "{65A78749-3B85-4FD1-94DE-2940C64B56C9}"
EndProject
Global
	GlobalSection(SolutionConfigurationPlatforms) = preSolution
		Debug|Any CPU = Debug|Any CPU
		Debug|x64 = Debug|x64
		Debug|x86 = Debug|x86
		Release|Any CPU = Release|Any CPU
		Release|x64 = Release|x64
		Release|x86 = Release|x86
	EndGlobalSection
	GlobalSection(SolutionProperties) = preSolution
		HideSolutionNode = FALSE
	EndGlobalSection
	GlobalSection(ProjectConfigurationPlatforms) = postSolution
		{44733A8C-D761-48C2-9F35-1EB6C55E4035}.Debug|Any CPU.ActiveCfg = Debug|Any CPU
		{44733A8C-D761-48C2-9F35-1EB6C55E4035}.Debug|Any CPU.Build.0 = Debug|Any CPU
		{44733A8C-D761-48C2-9F35-1EB6C55E4035}.Debug|x64.ActiveCfg = Debug|Any CPU
		{44733A8C-D761-48C2-9F35-1EB6C55E4035}.Debug|x64.Build.0 = Debug|Any CPU
		{44733A8C-D761-48C2-9F35-1EB6C55E4035}.Debug|x86.ActiveCfg = Debug|Any CPU
		{44733A8C-D761-48C2-9F35-1EB6C55E4035}.Debug|x86.Build.0 = Debug|Any CPU
		{44733A8C-D761-48C2-9F35-1EB6C55E4035}.Release|Any CPU.ActiveCfg = Release|Any CPU
		{44733A8C-D761-48C2-9F35-1EB6C55E4035}.Release|Any CPU.Build.0 = Release|Any CPU
		{44733A8C-D761-48C2-9F35-1EB6C55E4035}.Release|x64.ActiveCfg = Release|Any CPU
		{44733A8C-D761-48C2-9F35-1EB6C55E4035}.Release|x64.Build.0 = Release|Any CPU
		{44733A8C-D761-48C2-9F35-1EB6C55E4035}.Release|x86.ActiveCfg = Release|Any CPU
		{44733A8C-D761-48C2-9F35-1EB6C55E4035}.Release|x86.Build.0 = Release|Any CPU
		{65A78749-3B85-4FD1-94DE-2940C64B56C9}.Debug|Any CPU.ActiveCfg = Debug|Any CPU
		{65A78749-3B85-4FD1-94DE-2940C64B56C9}.Debug|Any CPU.Build.0 = Debug|Any CPU
		{65A78749-3B85-4FD1-94DE-2940C64B56C9}.Debug|x64.ActiveCfg = Debug|Any CPU
		{65A78749-3B85-4FD1-94DE-2940C64B56C9}.Debug|x64.Build.0 = Debug|Any CPU
		{65A78749-3B85-4FD1-94DE-2940C64B56C9}.Debug|x86.ActiveCfg = Debug|Any CPU
		{65A78749-3B85-4FD1-94DE-2940C64B56C9}.Debug|x86.Build.0 = Debug|Any CPU
		{65A78749-3B85-4FD1-94DE-2940C64B56C9}.Release|Any CPU.ActiveCfg = Release|Any CPU
		{65A78749-3B85-4FD1-94DE-2940C64B56C9}.Release|Any CPU.Build.0 = Release|Any CPU
		{65A78749-3B85-4FD1-94DE-2940C64B56C9}.Release|x64.ActiveCfg = Release|Any CPU
		{65A78749-3B85-4FD1-94DE-2940C64B56C9}.Release|x64.Build.0 = Release|Any CPU
		{65A78749-3B85-4FD1-94DE-2940C64B56C9}.Release|x86.ActiveCfg = Release|Any CPU
		{65A78749-3B85-4FD1-94DE-2940C64B56C9}.Release|x86.Build.0 = Release|Any CPU
	EndGlobalSection
EndGlobal
